
Microsoft Visual Studio Solution File, Format Version 12.00
# Visual Studio Version 17
VisualStudioVersion = 17.6.33815.320
MinimumVisualStudioVersion = 10.0.40219.1
Project("{FAE04EC0-301F-11D3-BF4B-00C04F79EFBC}") = "Lab02", "Lab02\Lab02.csproj", "{03FDF843-E16D-408B-8927-B97F5B86EA88}"
EndProject
Global
	GlobalSection(SolutionConfigurationPlatforms) = preSolution
		Debug|Any CPU = Debug|Any CPU
		Release|Any CPU = Release|Any CPU
	EndGlobalSection
	GlobalSection(ProjectConfigurationPlatforms) = postSolution
		{03FDF843-E16D-408B-8927-B97F5B86EA88}.Debug|Any CPU.ActiveCfg = Debug|Any CPU
		{03FDF843-E16D-408B-8927-B97F5B86EA88}.Debug|Any CPU.Build.0 = Debug|Any CPU
		{03FDF843-E16D-408B-8927-B97F5B86EA88}.Release|Any CPU.ActiveCfg = Release|Any CPU
		{03FDF843-E16D-408B-8927-B97F5B86EA88}.Release|Any CPU.Build.0 = Release|Any CPU
	EndGlobalSection
	GlobalSection(SolutionProperties) = preSolution
		HideSolutionNode = FALSE
	EndGlobalSection
	GlobalSection(ExtensibilityGlobals) = postSolution
		SolutionGuid = {36DBDA69-DBD2-48EB-8120-D6474597E8CA}
	EndGlobalSection
EndGlobal
