
Microsoft Visual Studio Solution File, Format Version 12.00
# Visual Studio Version 17
VisualStudioVersion = 17.7.34221.43
MinimumVisualStudioVersion = 10.0.40219.1
Project("{FAE04EC0-301F-11D3-BF4B-00C04F79EFBC}") = "lab05", "lab05\lab05.csproj", "{2CFADC53-015C-4B66-8C1F-5F4AF3163308}"
EndProject
Global
	GlobalSection(SolutionConfigurationPlatforms) = preSolution
		Debug|Any CPU = Debug|Any CPU
		Release|Any CPU = Release|Any CPU
	EndGlobalSection
	GlobalSection(ProjectConfigurationPlatforms) = postSolution
		{2CFADC53-015C-4B66-8C1F-5F4AF3163308}.Debug|Any CPU.ActiveCfg = Debug|Any CPU
		{2CFADC53-015C-4B66-8C1F-5F4AF3163308}.Debug|Any CPU.Build.0 = Debug|Any CPU
		{2CFADC53-015C-4B66-8C1F-5F4AF3163308}.Release|Any CPU.ActiveCfg = Release|Any CPU
		{2CFADC53-015C-4B66-8C1F-5F4AF3163308}.Release|Any CPU.Build.0 = Release|Any CPU
	EndGlobalSection
	GlobalSection(SolutionProperties) = preSolution
		HideSolutionNode = FALSE
	EndGlobalSection
	GlobalSection(ExtensibilityGlobals) = postSolution
		SolutionGuid = {9E471048-F752-4272-8184-EC0DFBD3E5C9}
	EndGlobalSection
EndGlobal
