
Microsoft Visual Studio Solution File, Format Version 12.00
# Visual Studio Version 17
VisualStudioVersion = 17.7.34221.43
MinimumVisualStudioVersion = 10.0.40219.1
Project("{FAE04EC0-301F-11D3-BF4B-00C04F79EFBC}") = "Lab08_1", "Lab08_1\Lab08_1.csproj", "{6E9A3E63-E6FD-41EE-A3FD-FA4A3EA48C83}"
EndProject
Global
	GlobalSection(SolutionConfigurationPlatforms) = preSolution
		Debug|Any CPU = Debug|Any CPU
		Release|Any CPU = Release|Any CPU
	EndGlobalSection
	GlobalSection(ProjectConfigurationPlatforms) = postSolution
		{6E9A3E63-E6FD-41EE-A3FD-FA4A3EA48C83}.Debug|Any CPU.ActiveCfg = Debug|Any CPU
		{6E9A3E63-E6FD-41EE-A3FD-FA4A3EA48C83}.Debug|Any CPU.Build.0 = Debug|Any CPU
		{6E9A3E63-E6FD-41EE-A3FD-FA4A3EA48C83}.Release|Any CPU.ActiveCfg = Release|Any CPU
		{6E9A3E63-E6FD-41EE-A3FD-FA4A3EA48C83}.Release|Any CPU.Build.0 = Release|Any CPU
	EndGlobalSection
	GlobalSection(SolutionProperties) = preSolution
		HideSolutionNode = FALSE
	EndGlobalSection
	GlobalSection(ExtensibilityGlobals) = postSolution
		SolutionGuid = {AA630A2F-7923-4C34-B634-0A7722A5FCBB}
	EndGlobalSection
EndGlobal
