
Microsoft Visual Studio Solution File, Format Version 12.00
# Visual Studio Version 17
VisualStudioVersion = 17.6.33815.320
MinimumVisualStudioVersion = 10.0.40219.1
Project("{FAE04EC0-301F-11D3-BF4B-00C04F79EFBC}") = "Lab01_1", "Lab01_1\Lab01_1.csproj", "{CF7B6644-F7D1-4707-B88E-DC9DEE1C3C72}"
EndProject
Global
	GlobalSection(SolutionConfigurationPlatforms) = preSolution
		Debug|Any CPU = Debug|Any CPU
		Release|Any CPU = Release|Any CPU
	EndGlobalSection
	GlobalSection(ProjectConfigurationPlatforms) = postSolution
		{CF7B6644-F7D1-4707-B88E-DC9DEE1C3C72}.Debug|Any CPU.ActiveCfg = Debug|Any CPU
		{CF7B6644-F7D1-4707-B88E-DC9DEE1C3C72}.Debug|Any CPU.Build.0 = Debug|Any CPU
		{CF7B6644-F7D1-4707-B88E-DC9DEE1C3C72}.Release|Any CPU.ActiveCfg = Release|Any CPU
		{CF7B6644-F7D1-4707-B88E-DC9DEE1C3C72}.Release|Any CPU.Build.0 = Release|Any CPU
	EndGlobalSection
	GlobalSection(SolutionProperties) = preSolution
		HideSolutionNode = FALSE
	EndGlobalSection
	GlobalSection(ExtensibilityGlobals) = postSolution
		SolutionGuid = {FA454E7F-0F07-4BA8-979B-62CD5B344970}
	EndGlobalSection
EndGlobal
