
Microsoft Visual Studio Solution File, Format Version 12.00
# Visual Studio Version 17
VisualStudioVersion = 17.7.34221.43
MinimumVisualStudioVersion = 10.0.40219.1
Project("{FAE04EC0-301F-11D3-BF4B-00C04F79EFBC}") = "Lab09_th", "Lab09_th\Lab09_th.csproj", "{49109CEF-A9BC-414B-9DBD-E8B672FAA21B}"
EndProject
Global
	GlobalSection(SolutionConfigurationPlatforms) = preSolution
		Debug|Any CPU = Debug|Any CPU
		Release|Any CPU = Release|Any CPU
	EndGlobalSection
	GlobalSection(ProjectConfigurationPlatforms) = postSolution
		{49109CEF-A9BC-414B-9DBD-E8B672FAA21B}.Debug|Any CPU.ActiveCfg = Debug|Any CPU
		{49109CEF-A9BC-414B-9DBD-E8B672FAA21B}.Debug|Any CPU.Build.0 = Debug|Any CPU
		{49109CEF-A9BC-414B-9DBD-E8B672FAA21B}.Release|Any CPU.ActiveCfg = Release|Any CPU
		{49109CEF-A9BC-414B-9DBD-E8B672FAA21B}.Release|Any CPU.Build.0 = Release|Any CPU
	EndGlobalSection
	GlobalSection(SolutionProperties) = preSolution
		HideSolutionNode = FALSE
	EndGlobalSection
	GlobalSection(ExtensibilityGlobals) = postSolution
		SolutionGuid = {F6AFEF2E-9176-4B5E-83A5-61CF82109DE1}
	EndGlobalSection
EndGlobal
