
Microsoft Visual Studio Solution File, Format Version 12.00
# Visual Studio Version 17
VisualStudioVersion = 17.7.34221.43
MinimumVisualStudioVersion = 10.0.40219.1
Project("{FAE04EC0-301F-11D3-BF4B-00C04F79EFBC}") = "Lab08", "Lab08\Lab08.csproj", "{301CFB8A-83B1-43EC-8550-31C12A19829B}"
EndProject
Global
	GlobalSection(SolutionConfigurationPlatforms) = preSolution
		Debug|Any CPU = Debug|Any CPU
		Release|Any CPU = Release|Any CPU
	EndGlobalSection
	GlobalSection(ProjectConfigurationPlatforms) = postSolution
		{301CFB8A-83B1-43EC-8550-31C12A19829B}.Debug|Any CPU.ActiveCfg = Debug|Any CPU
		{301CFB8A-83B1-43EC-8550-31C12A19829B}.Debug|Any CPU.Build.0 = Debug|Any CPU
		{301CFB8A-83B1-43EC-8550-31C12A19829B}.Release|Any CPU.ActiveCfg = Release|Any CPU
		{301CFB8A-83B1-43EC-8550-31C12A19829B}.Release|Any CPU.Build.0 = Release|Any CPU
	EndGlobalSection
	GlobalSection(SolutionProperties) = preSolution
		HideSolutionNode = FALSE
	EndGlobalSection
	GlobalSection(ExtensibilityGlobals) = postSolution
		SolutionGuid = {F579FF22-3D3C-4317-B7D4-170AF1D078A4}
	EndGlobalSection
EndGlobal
