
Microsoft Visual Studio Solution File, Format Version 12.00
# Visual Studio Version 17
VisualStudioVersion = 17.6.33815.320
MinimumVisualStudioVersion = 10.0.40219.1
Project("{9A19103F-16F7-4668-BE54-9A1E7A4F7556}") = "Lab04", "Lab04\Lab04.csproj", "{8459B15C-94E3-4937-BF3C-4CAF964B84DE}"
EndProject
Global
	GlobalSection(SolutionConfigurationPlatforms) = preSolution
		Debug|Any CPU = Debug|Any CPU
		Release|Any CPU = Release|Any CPU
	EndGlobalSection
	GlobalSection(ProjectConfigurationPlatforms) = postSolution
		{8459B15C-94E3-4937-BF3C-4CAF964B84DE}.Debug|Any CPU.ActiveCfg = Debug|Any CPU
		{8459B15C-94E3-4937-BF3C-4CAF964B84DE}.Debug|Any CPU.Build.0 = Debug|Any CPU
		{8459B15C-94E3-4937-BF3C-4CAF964B84DE}.Release|Any CPU.ActiveCfg = Release|Any CPU
		{8459B15C-94E3-4937-BF3C-4CAF964B84DE}.Release|Any CPU.Build.0 = Release|Any CPU
	EndGlobalSection
	GlobalSection(SolutionProperties) = preSolution
		HideSolutionNode = FALSE
	EndGlobalSection
	GlobalSection(ExtensibilityGlobals) = postSolution
		SolutionGuid = {B7366944-AEF2-4C62-B420-17CC49A39537}
	EndGlobalSection
EndGlobal
